
Microsoft Visual Studio Solution File, Format Version 12.00
# Visual Studio Version 17
VisualStudioVersion = 17.9.34701.34
MinimumVisualStudioVersion = 10.0.40219.1
Project("{FAE04EC0-301F-11D3-BF4B-00C04F79EFBC}") = "MVCcumul_01", "MVCcumul_01\MVCcumul_01.csproj", "{05EF1FDB-A612-4C7C-91C3-4ABF9DA82FAE}"
EndProject
Global
	GlobalSection(SolutionConfigurationPlatforms) = preSolution
		Debug|Any CPU = Debug|Any CPU
		Release|Any CPU = Release|Any CPU
	EndGlobalSection
	GlobalSection(ProjectConfigurationPlatforms) = postSolution
		{05EF1FDB-A612-4C7C-91C3-4ABF9DA82FAE}.Debug|Any CPU.ActiveCfg = Debug|Any CPU
		{05EF1FDB-A612-4C7C-91C3-4ABF9DA82FAE}.Debug|Any CPU.Build.0 = Debug|Any CPU
		{05EF1FDB-A612-4C7C-91C3-4ABF9DA82FAE}.Release|Any CPU.ActiveCfg = Release|Any CPU
		{05EF1FDB-A612-4C7C-91C3-4ABF9DA82FAE}.Release|Any CPU.Build.0 = Release|Any CPU
	EndGlobalSection
	GlobalSection(SolutionProperties) = preSolution
		HideSolutionNode = FALSE
	EndGlobalSection
	GlobalSection(ExtensibilityGlobals) = postSolution
		SolutionGuid = {8318A8BA-416D-4D10-A678-7E254BF71897}
	EndGlobalSection
EndGlobal
